
Microsoft Visual Studio Solution File, Format Version 12.00
# Visual Studio Version 16
VisualStudioVersion = 16.0.29922.37
MinimumVisualStudioVersion = 10.0.40219.1
Project("{8BC9CEB8-8B4A-11D0-8D11-00A0C91BC942}") = "EmptyProject", "EmptyProject\EmptyProject.vcxproj", "{6AEF7043-7874-4CA5-B5A5-742B632E061A}"
EndProject
Project("{8BC9CEB8-8B4A-11D0-8D11-00A0C91BC942}") = "ConsoleApp", "ConsoleApp\ConsoleApp.vcxproj", "{E2DBB556-ABEF-467D-AB8D-2D66F5B1B876}"
EndProject
Project("{8BC9CEB8-8B4A-11D0-8D11-00A0C91BC942}") = "WindowsDesktopApp", "WindowsDesktopApp\WindowsDesktopApp.vcxproj", "{C10E3190-23E7-443B-B9E8-53115813A68F}"
EndProject
Project("{8BC9CEB8-8B4A-11D0-8D11-00A0C91BC942}") = "SharedItems", "SharedItems\SharedItems.vcxitems", "{C3519F19-5CDF-4AF8-BABB-4BB3681A8043}"
EndProject
Project("{8BC9CEB8-8B4A-11D0-8D11-00A0C91BC942}") = "LinuxConsoleApp", "LinuxConsoleApp\LinuxConsoleApp.vcxproj", "{7FC73F46-C65B-4838-85C4-61247678395D}"
EndProject
Project("{8BC9CEB8-8B4A-11D0-8D11-00A0C91BC942}") = "MFCApp", "MFCApp\MFCApp.vcxproj", "{5DAF3343-4299-424C-BDFD-19C3DB0CBCD7}"
EndProject
Project("{8BC9CEB8-8B4A-11D0-8D11-00A0C91BC942}") = "StaticLib", "StaticLib\StaticLib.vcxproj", "{6901BD4E-3C85-4185-8473-6C1A7C8673C5}"
EndProject
Project("{8BC9CEB8-8B4A-11D0-8D11-00A0C91BC942}") = "ATLProject", "ATLProject\ATLProject.vcxproj", "{3E531A48-112B-4227-8636-69CDADF5F4FF}"
EndProject
Project("{8BC9CEB8-8B4A-11D0-8D11-00A0C91BC942}") = "ATLProjectPS", "ATLProjectPS\ATLProjectPS.vcxproj", "{E38E16D9-629B-4A4A-921C-F1ACF10A271B}"
	ProjectSection(ProjectDependencies) = postProject
		{3E531A48-112B-4227-8636-69CDADF5F4FF} = {3E531A48-112B-4227-8636-69CDADF5F4FF}
	EndProjectSection
EndProject
Project("{8BC9CEB8-8B4A-11D0-8D11-00A0C91BC942}") = "NativeUnitTest", "NativeUnitTest\NativeUnitTest.vcxproj", "{E09F1A4B-5C6E-4E74-8E0C-84B3FE818FF2}"
EndProject
Project("{8BC9CEB8-8B4A-11D0-8D11-00A0C91BC942}") = "MakefileProject", "MakefileProject\MakefileProject.vcxproj", "{99A100E9-8771-476E-A3CD-D4A98D7DDDD0}"
EndProject
Project("{8BC9CEB8-8B4A-11D0-8D11-00A0C91BC942}") = "BlankUWPApp", "BlankUWPApp\BlankUWPApp.vcxproj", "{3DC10291-7200-4313-964F-DACA6AF0061A}"
EndProject
Project("{8BC9CEB8-8B4A-11D0-8D11-00A0C91BC942}") = "WinRTComponent", "WinRTComponent\WinRTComponent.vcxproj", "{4C49F485-6227-4582-BA9F-2C8F6596B6E2}"
EndProject
Project("{8BC9CEB8-8B4A-11D0-8D11-00A0C91BC942}") = "UWPDLL", "UWPDLL\UWPDLL.vcxproj", "{E46292F1-D6C5-4692-8AB6-CD01C0AA56D1}"
EndProject
Project("{8BC9CEB8-8B4A-11D0-8D11-00A0C91BC942}") = "UWPUnitTestApp", "UWPUnitTestApp\UWPUnitTestApp.vcxproj", "{2B8B2949-6117-43AA-AA42-0B16EC74BF6F}"
EndProject
Project("{8BC9CEB8-8B4A-11D0-8D11-00A0C91BC942}") = "UWPStaticLib", "UWPStaticLib\UWPStaticLib.vcxproj", "{094E8970-AA7D-44FD-A38A-7EE0FB0817AE}"
EndProject
Project("{8BC9CEB8-8B4A-11D0-8D11-00A0C91BC942}") = "CLRConsoleAppFX", "CLRConsoleAppFX\CLRConsoleAppFX.vcxproj", "{0426A321-F201-4C4E-8585-63A66AF669DB}"
EndProject
Project("{8BC9CEB8-8B4A-11D0-8D11-00A0C91BC942}") = "CLRClassLibNETCore", "CLRClassLibNETCore\CLRClassLibNETCore.vcxproj", "{C1738F28-2385-44DE-8EFF-B600CC5A97B8}"
EndProject
Project("{8BC9CEB8-8B4A-11D0-8D11-00A0C91BC942}") = "VSPackage", "VSPackage\VSPackage.vcxproj", "{D2EABA9E-B4FA-4019-B6D3-F66A78C48FFF}"
	ProjectSection(ProjectDependencies) = postProject
		{328264B2-3712-429B-A8EE-3201B97B76E4} = {328264B2-3712-429B-A8EE-3201B97B76E4}
	EndProjectSection
EndProject
Project("{8BC9CEB8-8B4A-11D0-8D11-00A0C91BC942}") = "VSPackageUI", "VSPackageUi\VSPackageUi.vcxproj", "{328264B2-3712-429B-A8EE-3201B97B76E4}"
EndProject
Project("{2150E333-8FDC-42A3-9474-1A3956D46DE8}") = "AndroidNativeActivityApp", "AndroidNativeActivityApp", "{9ED1C0BE-7209-47BB-A432-BC4F4385619C}"
EndProject
Project("{8BC9CEB8-8B4A-11D0-8D11-00A0C91BC942}") = "AndroidNativeActivityApp.NativeActivity", "AndroidNativeActivityApp\AndroidNativeActivityApp.NativeActivity\AndroidNativeActivityApp.NativeActivity.vcxproj", "{6A1AA65D-7FA7-4B31-8A08-18C5948FBE30}"
EndProject
Global
	GlobalSection(SolutionConfigurationPlatforms) = preSolution
		Debug|Any CPU = Debug|Any CPU
		Debug|ARM = Debug|ARM
		Debug|ARM64 = Debug|ARM64
		Debug|x64 = Debug|x64
		Debug|x86 = Debug|x86
		Release|Any CPU = Release|Any CPU
		Release|ARM = Release|ARM
		Release|ARM64 = Release|ARM64
		Release|x64 = Release|x64
		Release|x86 = Release|x86
	EndGlobalSection
	GlobalSection(ProjectConfigurationPlatforms) = postSolution
		{6AEF7043-7874-4CA5-B5A5-742B632E061A}.Debug|Any CPU.ActiveCfg = Debug|Win32
		{6AEF7043-7874-4CA5-B5A5-742B632E061A}.Debug|ARM.ActiveCfg = Debug|Win32
		{6AEF7043-7874-4CA5-B5A5-742B632E061A}.Debug|ARM64.ActiveCfg = Debug|Win32
		{6AEF7043-7874-4CA5-B5A5-742B632E061A}.Debug|x64.ActiveCfg = Debug|x64
		{6AEF7043-7874-4CA5-B5A5-742B632E061A}.Debug|x64.Build.0 = Debug|x64
		{6AEF7043-7874-4CA5-B5A5-742B632E061A}.Debug|x86.ActiveCfg = Debug|Win32
		{6AEF7043-7874-4CA5-B5A5-742B632E061A}.Debug|x86.Build.0 = Debug|Win32
		{6AEF7043-7874-4CA5-B5A5-742B632E061A}.Release|Any CPU.ActiveCfg = Release|Win32
		{6AEF7043-7874-4CA5-B5A5-742B632E061A}.Release|ARM.ActiveCfg = Release|Win32
		{6AEF7043-7874-4CA5-B5A5-742B632E061A}.Release|ARM64.ActiveCfg = Release|Win32
		{6AEF7043-7874-4CA5-B5A5-742B632E061A}.Release|x64.ActiveCfg = Release|x64
		{6AEF7043-7874-4CA5-B5A5-742B632E061A}.Release|x64.Build.0 = Release|x64
		{6AEF7043-7874-4CA5-B5A5-742B632E061A}.Release|x86.ActiveCfg = Release|Win32
		{6AEF7043-7874-4CA5-B5A5-742B632E061A}.Release|x86.Build.0 = Release|Win32
		{E2DBB556-ABEF-467D-AB8D-2D66F5B1B876}.Debug|Any CPU.ActiveCfg = Debug|Win32
		{E2DBB556-ABEF-467D-AB8D-2D66F5B1B876}.Debug|ARM.ActiveCfg = Debug|Win32
		{E2DBB556-ABEF-467D-AB8D-2D66F5B1B876}.Debug|ARM64.ActiveCfg = Debug|Win32
		{E2DBB556-ABEF-467D-AB8D-2D66F5B1B876}.Debug|x64.ActiveCfg = Debug|x64
		{E2DBB556-ABEF-467D-AB8D-2D66F5B1B876}.Debug|x64.Build.0 = Debug|x64
		{E2DBB556-ABEF-467D-AB8D-2D66F5B1B876}.Debug|x86.ActiveCfg = Debug|Win32
		{E2DBB556-ABEF-467D-AB8D-2D66F5B1B876}.Debug|x86.Build.0 = Debug|Win32
		{E2DBB556-ABEF-467D-AB8D-2D66F5B1B876}.Release|Any CPU.ActiveCfg = Release|Win32
		{E2DBB556-ABEF-467D-AB8D-2D66F5B1B876}.Release|ARM.ActiveCfg = Release|Win32
		{E2DBB556-ABEF-467D-AB8D-2D66F5B1B876}.Release|ARM64.ActiveCfg = Release|Win32
		{E2DBB556-ABEF-467D-AB8D-2D66F5B1B876}.Release|x64.ActiveCfg = Release|x64
		{E2DBB556-ABEF-467D-AB8D-2D66F5B1B876}.Release|x64.Build.0 = Release|x64
		{E2DBB556-ABEF-467D-AB8D-2D66F5B1B876}.Release|x86.ActiveCfg = Release|Win32
		{E2DBB556-ABEF-467D-AB8D-2D66F5B1B876}.Release|x86.Build.0 = Release|Win32
		{C10E3190-23E7-443B-B9E8-53115813A68F}.Debug|Any CPU.ActiveCfg = Debug|Win32
		{C10E3190-23E7-443B-B9E8-53115813A68F}.Debug|ARM.ActiveCfg = Debug|Win32
		{C10E3190-23E7-443B-B9E8-53115813A68F}.Debug|ARM64.ActiveCfg = Debug|Win32
		{C10E3190-23E7-443B-B9E8-53115813A68F}.Debug|x64.ActiveCfg = Debug|x64
		{C10E3190-23E7-443B-B9E8-53115813A68F}.Debug|x64.Build.0 = Debug|x64
		{C10E3190-23E7-443B-B9E8-53115813A68F}.Debug|x86.ActiveCfg = Debug|Win32
		{C10E3190-23E7-443B-B9E8-53115813A68F}.Debug|x86.Build.0 = Debug|Win32
		{C10E3190-23E7-443B-B9E8-53115813A68F}.Release|Any CPU.ActiveCfg = Release|Win32
		{C10E3190-23E7-443B-B9E8-53115813A68F}.Release|ARM.ActiveCfg = Release|Win32
		{C10E3190-23E7-443B-B9E8-53115813A68F}.Release|ARM64.ActiveCfg = Release|Win32
		{C10E3190-23E7-443B-B9E8-53115813A68F}.Release|x64.ActiveCfg = Release|x64
		{C10E3190-23E7-443B-B9E8-53115813A68F}.Release|x64.Build.0 = Release|x64
		{C10E3190-23E7-443B-B9E8-53115813A68F}.Release|x86.ActiveCfg = Release|Win32
		{C10E3190-23E7-443B-B9E8-53115813A68F}.Release|x86.Build.0 = Release|Win32
		{7FC73F46-C65B-4838-85C4-61247678395D}.Debug|Any CPU.ActiveCfg = Debug|x86
		{7FC73F46-C65B-4838-85C4-61247678395D}.Debug|ARM.ActiveCfg = Debug|ARM
		{7FC73F46-C65B-4838-85C4-61247678395D}.Debug|ARM.Build.0 = Debug|ARM
		{7FC73F46-C65B-4838-85C4-61247678395D}.Debug|ARM.Deploy.0 = Debug|ARM
		{7FC73F46-C65B-4838-85C4-61247678395D}.Debug|ARM64.ActiveCfg = Debug|ARM64
		{7FC73F46-C65B-4838-85C4-61247678395D}.Debug|ARM64.Build.0 = Debug|ARM64
		{7FC73F46-C65B-4838-85C4-61247678395D}.Debug|ARM64.Deploy.0 = Debug|ARM64
		{7FC73F46-C65B-4838-85C4-61247678395D}.Debug|x64.ActiveCfg = Debug|x64
		{7FC73F46-C65B-4838-85C4-61247678395D}.Debug|x64.Build.0 = Debug|x64
		{7FC73F46-C65B-4838-85C4-61247678395D}.Debug|x64.Deploy.0 = Debug|x64
		{7FC73F46-C65B-4838-85C4-61247678395D}.Debug|x86.ActiveCfg = Debug|x86
		{7FC73F46-C65B-4838-85C4-61247678395D}.Debug|x86.Build.0 = Debug|x86
		{7FC73F46-C65B-4838-85C4-61247678395D}.Debug|x86.Deploy.0 = Debug|x86
		{7FC73F46-C65B-4838-85C4-61247678395D}.Release|Any CPU.ActiveCfg = Release|x86
		{7FC73F46-C65B-4838-85C4-61247678395D}.Release|ARM.ActiveCfg = Release|ARM
		{7FC73F46-C65B-4838-85C4-61247678395D}.Release|ARM.Build.0 = Release|ARM
		{7FC73F46-C65B-4838-85C4-61247678395D}.Release|ARM.Deploy.0 = Release|ARM
		{7FC73F46-C65B-4838-85C4-61247678395D}.Release|ARM64.ActiveCfg = Release|ARM64
		{7FC73F46-C65B-4838-85C4-61247678395D}.Release|ARM64.Build.0 = Release|ARM64
		{7FC73F46-C65B-4838-85C4-61247678395D}.Release|ARM64.Deploy.0 = Release|ARM64
		{7FC73F46-C65B-4838-85C4-61247678395D}.Release|x64.ActiveCfg = Release|x64
		{7FC73F46-C65B-4838-85C4-61247678395D}.Release|x64.Build.0 = Release|x64
		{7FC73F46-C65B-4838-85C4-61247678395D}.Release|x64.Deploy.0 = Release|x64
		{7FC73F46-C65B-4838-85C4-61247678395D}.Release|x86.ActiveCfg = Release|x86
		{7FC73F46-C65B-4838-85C4-61247678395D}.Release|x86.Build.0 = Release|x86
		{7FC73F46-C65B-4838-85C4-61247678395D}.Release|x86.Deploy.0 = Release|x86
		{5DAF3343-4299-424C-BDFD-19C3DB0CBCD7}.Debug|Any CPU.ActiveCfg = Debug|Win32
		{5DAF3343-4299-424C-BDFD-19C3DB0CBCD7}.Debug|ARM.ActiveCfg = Debug|Win32
		{5DAF3343-4299-424C-BDFD-19C3DB0CBCD7}.Debug|ARM64.ActiveCfg = Debug|Win32
		{5DAF3343-4299-424C-BDFD-19C3DB0CBCD7}.Debug|x64.ActiveCfg = Debug|x64
		{5DAF3343-4299-424C-BDFD-19C3DB0CBCD7}.Debug|x64.Build.0 = Debug|x64
		{5DAF3343-4299-424C-BDFD-19C3DB0CBCD7}.Debug|x86.ActiveCfg = Debug|Win32
		{5DAF3343-4299-424C-BDFD-19C3DB0CBCD7}.Debug|x86.Build.0 = Debug|Win32
		{5DAF3343-4299-424C-BDFD-19C3DB0CBCD7}.Release|Any CPU.ActiveCfg = Release|Win32
		{5DAF3343-4299-424C-BDFD-19C3DB0CBCD7}.Release|ARM.ActiveCfg = Release|Win32
		{5DAF3343-4299-424C-BDFD-19C3DB0CBCD7}.Release|ARM64.ActiveCfg = Release|Win32
		{5DAF3343-4299-424C-BDFD-19C3DB0CBCD7}.Release|x64.ActiveCfg = Release|x64
		{5DAF3343-4299-424C-BDFD-19C3DB0CBCD7}.Release|x64.Build.0 = Release|x64
		{5DAF3343-4299-424C-BDFD-19C3DB0CBCD7}.Release|x86.ActiveCfg = Release|Win32
		{5DAF3343-4299-424C-BDFD-19C3DB0CBCD7}.Release|x86.Build.0 = Release|Win32
		{6901BD4E-3C85-4185-8473-6C1A7C8673C5}.Debug|Any CPU.ActiveCfg = Debug|Win32
		{6901BD4E-3C85-4185-8473-6C1A7C8673C5}.Debug|ARM.ActiveCfg = Debug|Win32
		{6901BD4E-3C85-4185-8473-6C1A7C8673C5}.Debug|ARM64.ActiveCfg = Debug|Win32
		{6901BD4E-3C85-4185-8473-6C1A7C8673C5}.Debug|x64.ActiveCfg = Debug|x64
		{6901BD4E-3C85-4185-8473-6C1A7C8673C5}.Debug|x64.Build.0 = Debug|x64
		{6901BD4E-3C85-4185-8473-6C1A7C8673C5}.Debug|x86.ActiveCfg = Debug|Win32
		{6901BD4E-3C85-4185-8473-6C1A7C8673C5}.Debug|x86.Build.0 = Debug|Win32
		{6901BD4E-3C85-4185-8473-6C1A7C8673C5}.Release|Any CPU.ActiveCfg = Release|Win32
		{6901BD4E-3C85-4185-8473-6C1A7C8673C5}.Release|ARM.ActiveCfg = Release|Win32
		{6901BD4E-3C85-4185-8473-6C1A7C8673C5}.Release|ARM64.ActiveCfg = Release|Win32
		{6901BD4E-3C85-4185-8473-6C1A7C8673C5}.Release|x64.ActiveCfg = Release|x64
		{6901BD4E-3C85-4185-8473-6C1A7C8673C5}.Release|x64.Build.0 = Release|x64
		{6901BD4E-3C85-4185-8473-6C1A7C8673C5}.Release|x86.ActiveCfg = Release|Win32
		{6901BD4E-3C85-4185-8473-6C1A7C8673C5}.Release|x86.Build.0 = Release|Win32
		{3E531A48-112B-4227-8636-69CDADF5F4FF}.Debug|Any CPU.ActiveCfg = Debug|Win32
		{3E531A48-112B-4227-8636-69CDADF5F4FF}.Debug|ARM.ActiveCfg = Debug|Win32
		{3E531A48-112B-4227-8636-69CDADF5F4FF}.Debug|ARM64.ActiveCfg = Debug|Win32
		{3E531A48-112B-4227-8636-69CDADF5F4FF}.Debug|x64.ActiveCfg = Debug|x64
		{3E531A48-112B-4227-8636-69CDADF5F4FF}.Debug|x64.Build.0 = Debug|x64
		{3E531A48-112B-4227-8636-69CDADF5F4FF}.Debug|x86.ActiveCfg = Debug|Win32
		{3E531A48-112B-4227-8636-69CDADF5F4FF}.Debug|x86.Build.0 = Debug|Win32
		{3E531A48-112B-4227-8636-69CDADF5F4FF}.Release|Any CPU.ActiveCfg = Release|Win32
		{3E531A48-112B-4227-8636-69CDADF5F4FF}.Release|ARM.ActiveCfg = Release|Win32
		{3E531A48-112B-4227-8636-69CDADF5F4FF}.Release|ARM64.ActiveCfg = Release|Win32
		{3E531A48-112B-4227-8636-69CDADF5F4FF}.Release|x64.ActiveCfg = Release|x64
		{3E531A48-112B-4227-8636-69CDADF5F4FF}.Release|x64.Build.0 = Release|x64
		{3E531A48-112B-4227-8636-69CDADF5F4FF}.Release|x86.ActiveCfg = Release|Win32
		{3E531A48-112B-4227-8636-69CDADF5F4FF}.Release|x86.Build.0 = Release|Win32
		{E38E16D9-629B-4A4A-921C-F1ACF10A271B}.Debug|Any CPU.ActiveCfg = Debug|Win32
		{E38E16D9-629B-4A4A-921C-F1ACF10A271B}.Debug|ARM.ActiveCfg = Debug|Win32
		{E38E16D9-629B-4A4A-921C-F1ACF10A271B}.Debug|ARM64.ActiveCfg = Debug|Win32
		{E38E16D9-629B-4A4A-921C-F1ACF10A271B}.Debug|x64.ActiveCfg = Debug|x64
		{E38E16D9-629B-4A4A-921C-F1ACF10A271B}.Debug|x86.ActiveCfg = Debug|Win32
		{E38E16D9-629B-4A4A-921C-F1ACF10A271B}.Release|Any CPU.ActiveCfg = Release|Win32
		{E38E16D9-629B-4A4A-921C-F1ACF10A271B}.Release|ARM.ActiveCfg = Release|Win32
		{E38E16D9-629B-4A4A-921C-F1ACF10A271B}.Release|ARM64.ActiveCfg = Release|Win32
		{E38E16D9-629B-4A4A-921C-F1ACF10A271B}.Release|x64.ActiveCfg = Release|x64
		{E38E16D9-629B-4A4A-921C-F1ACF10A271B}.Release|x86.ActiveCfg = Release|Win32
		{E09F1A4B-5C6E-4E74-8E0C-84B3FE818FF2}.Debug|Any CPU.ActiveCfg = Debug|Win32
		{E09F1A4B-5C6E-4E74-8E0C-84B3FE818FF2}.Debug|ARM.ActiveCfg = Debug|Win32
		{E09F1A4B-5C6E-4E74-8E0C-84B3FE818FF2}.Debug|ARM64.ActiveCfg = Debug|Win32
		{E09F1A4B-5C6E-4E74-8E0C-84B3FE818FF2}.Debug|x64.ActiveCfg = Debug|x64
		{E09F1A4B-5C6E-4E74-8E0C-84B3FE818FF2}.Debug|x64.Build.0 = Debug|x64
		{E09F1A4B-5C6E-4E74-8E0C-84B3FE818FF2}.Debug|x86.ActiveCfg = Debug|Win32
		{E09F1A4B-5C6E-4E74-8E0C-84B3FE818FF2}.Debug|x86.Build.0 = Debug|Win32
		{E09F1A4B-5C6E-4E74-8E0C-84B3FE818FF2}.Release|Any CPU.ActiveCfg = Release|Win32
		{E09F1A4B-5C6E-4E74-8E0C-84B3FE818FF2}.Release|ARM.ActiveCfg = Release|Win32
		{E09F1A4B-5C6E-4E74-8E0C-84B3FE818FF2}.Release|ARM64.ActiveCfg = Release|Win32
		{E09F1A4B-5C6E-4E74-8E0C-84B3FE818FF2}.Release|x64.ActiveCfg = Release|x64
		{E09F1A4B-5C6E-4E74-8E0C-84B3FE818FF2}.Release|x64.Build.0 = Release|x64
		{E09F1A4B-5C6E-4E74-8E0C-84B3FE818FF2}.Release|x86.ActiveCfg = Release|Win32
		{E09F1A4B-5C6E-4E74-8E0C-84B3FE818FF2}.Release|x86.Build.0 = Release|Win32
		{99A100E9-8771-476E-A3CD-D4A98D7DDDD0}.Debug|Any CPU.ActiveCfg = Debug|Win32
		{99A100E9-8771-476E-A3CD-D4A98D7DDDD0}.Debug|ARM.ActiveCfg = Debug|Win32
		{99A100E9-8771-476E-A3CD-D4A98D7DDDD0}.Debug|ARM64.ActiveCfg = Debug|Win32
		{99A100E9-8771-476E-A3CD-D4A98D7DDDD0}.Debug|x64.ActiveCfg = Debug|x64
		{99A100E9-8771-476E-A3CD-D4A98D7DDDD0}.Debug|x64.Build.0 = Debug|x64
		{99A100E9-8771-476E-A3CD-D4A98D7DDDD0}.Debug|x86.ActiveCfg = Debug|Win32
		{99A100E9-8771-476E-A3CD-D4A98D7DDDD0}.Debug|x86.Build.0 = Debug|Win32
		{99A100E9-8771-476E-A3CD-D4A98D7DDDD0}.Release|Any CPU.ActiveCfg = Release|Win32
		{99A100E9-8771-476E-A3CD-D4A98D7DDDD0}.Release|ARM.ActiveCfg = Release|Win32
		{99A100E9-8771-476E-A3CD-D4A98D7DDDD0}.Release|ARM64.ActiveCfg = Release|Win32
		{99A100E9-8771-476E-A3CD-D4A98D7DDDD0}.Release|x64.ActiveCfg = Release|x64
		{99A100E9-8771-476E-A3CD-D4A98D7DDDD0}.Release|x64.Build.0 = Release|x64
		{99A100E9-8771-476E-A3CD-D4A98D7DDDD0}.Release|x86.ActiveCfg = Release|Win32
		{99A100E9-8771-476E-A3CD-D4A98D7DDDD0}.Release|x86.Build.0 = Release|Win32
		{3DC10291-7200-4313-964F-DACA6AF0061A}.Debug|Any CPU.ActiveCfg = Debug|Win32
		{3DC10291-7200-4313-964F-DACA6AF0061A}.Debug|ARM.ActiveCfg = Debug|ARM
		{3DC10291-7200-4313-964F-DACA6AF0061A}.Debug|ARM.Build.0 = Debug|ARM
		{3DC10291-7200-4313-964F-DACA6AF0061A}.Debug|ARM.Deploy.0 = Debug|ARM
		{3DC10291-7200-4313-964F-DACA6AF0061A}.Debug|ARM64.ActiveCfg = Debug|ARM64
		{3DC10291-7200-4313-964F-DACA6AF0061A}.Debug|ARM64.Build.0 = Debug|ARM64
		{3DC10291-7200-4313-964F-DACA6AF0061A}.Debug|ARM64.Deploy.0 = Debug|ARM64
		{3DC10291-7200-4313-964F-DACA6AF0061A}.Debug|x64.ActiveCfg = Debug|x64
		{3DC10291-7200-4313-964F-DACA6AF0061A}.Debug|x64.Build.0 = Debug|x64
		{3DC10291-7200-4313-964F-DACA6AF0061A}.Debug|x64.Deploy.0 = Debug|x64
		{3DC10291-7200-4313-964F-DACA6AF0061A}.Debug|x86.ActiveCfg = Debug|Win32
		{3DC10291-7200-4313-964F-DACA6AF0061A}.Debug|x86.Build.0 = Debug|Win32
		{3DC10291-7200-4313-964F-DACA6AF0061A}.Debug|x86.Deploy.0 = Debug|Win32
		{3DC10291-7200-4313-964F-DACA6AF0061A}.Release|Any CPU.ActiveCfg = Release|Win32
		{3DC10291-7200-4313-964F-DACA6AF0061A}.Release|ARM.ActiveCfg = Release|ARM
		{3DC10291-7200-4313-964F-DACA6AF0061A}.Release|ARM.Build.0 = Release|ARM
		{3DC10291-7200-4313-964F-DACA6AF0061A}.Release|ARM.Deploy.0 = Release|ARM
		{3DC10291-7200-4313-964F-DACA6AF0061A}.Release|ARM64.ActiveCfg = Release|ARM64
		{3DC10291-7200-4313-964F-DACA6AF0061A}.Release|ARM64.Build.0 = Release|ARM64
		{3DC10291-7200-4313-964F-DACA6AF0061A}.Release|ARM64.Deploy.0 = Release|ARM64
		{3DC10291-7200-4313-964F-DACA6AF0061A}.Release|x64.ActiveCfg = Release|x64
		{3DC10291-7200-4313-964F-DACA6AF0061A}.Release|x64.Build.0 = Release|x64
		{3DC10291-7200-4313-964F-DACA6AF0061A}.Release|x64.Deploy.0 = Release|x64
		{3DC10291-7200-4313-964F-DACA6AF0061A}.Release|x86.ActiveCfg = Release|Win32
		{3DC10291-7200-4313-964F-DACA6AF0061A}.Release|x86.Build.0 = Release|Win32
		{3DC10291-7200-4313-964F-DACA6AF0061A}.Release|x86.Deploy.0 = Release|Win32
		{4C49F485-6227-4582-BA9F-2C8F6596B6E2}.Debug|Any CPU.ActiveCfg = Debug|Win32
		{4C49F485-6227-4582-BA9F-2C8F6596B6E2}.Debug|ARM.ActiveCfg = Debug|ARM
		{4C49F485-6227-4582-BA9F-2C8F6596B6E2}.Debug|ARM.Build.0 = Debug|ARM
		{4C49F485-6227-4582-BA9F-2C8F6596B6E2}.Debug|ARM64.ActiveCfg = Debug|ARM64
		{4C49F485-6227-4582-BA9F-2C8F6596B6E2}.Debug|ARM64.Build.0 = Debug|ARM64
		{4C49F485-6227-4582-BA9F-2C8F6596B6E2}.Debug|x64.ActiveCfg = Debug|x64
		{4C49F485-6227-4582-BA9F-2C8F6596B6E2}.Debug|x64.Build.0 = Debug|x64
		{4C49F485-6227-4582-BA9F-2C8F6596B6E2}.Debug|x86.ActiveCfg = Debug|Win32
		{4C49F485-6227-4582-BA9F-2C8F6596B6E2}.Debug|x86.Build.0 = Debug|Win32
		{4C49F485-6227-4582-BA9F-2C8F6596B6E2}.Release|Any CPU.ActiveCfg = Release|Win32
		{4C49F485-6227-4582-BA9F-2C8F6596B6E2}.Release|ARM.ActiveCfg = Release|ARM
		{4C49F485-6227-4582-BA9F-2C8F6596B6E2}.Release|ARM.Build.0 = Release|ARM
		{4C49F485-6227-4582-BA9F-2C8F6596B6E2}.Release|ARM64.ActiveCfg = Release|ARM64
		{4C49F485-6227-4582-BA9F-2C8F6596B6E2}.Release|ARM64.Build.0 = Release|ARM64
		{4C49F485-6227-4582-BA9F-2C8F6596B6E2}.Release|x64.ActiveCfg = Release|x64
		{4C49F485-6227-4582-BA9F-2C8F6596B6E2}.Release|x64.Build.0 = Release|x64
		{4C49F485-6227-4582-BA9F-2C8F6596B6E2}.Release|x86.ActiveCfg = Release|Win32
		{4C49F485-6227-4582-BA9F-2C8F6596B6E2}.Release|x86.Build.0 = Release|Win32
		{E46292F1-D6C5-4692-8AB6-CD01C0AA56D1}.Debug|Any CPU.ActiveCfg = Debug|Win32
		{E46292F1-D6C5-4692-8AB6-CD01C0AA56D1}.Debug|ARM.ActiveCfg = Debug|ARM
		{E46292F1-D6C5-4692-8AB6-CD01C0AA56D1}.Debug|ARM.Build.0 = Debug|ARM
		{E46292F1-D6C5-4692-8AB6-CD01C0AA56D1}.Debug|ARM64.ActiveCfg = Debug|ARM64
		{E46292F1-D6C5-4692-8AB6-CD01C0AA56D1}.Debug|ARM64.Build.0 = Debug|ARM64
		{E46292F1-D6C5-4692-8AB6-CD01C0AA56D1}.Debug|x64.ActiveCfg = Debug|x64
		{E46292F1-D6C5-4692-8AB6-CD01C0AA56D1}.Debug|x64.Build.0 = Debug|x64
		{E46292F1-D6C5-4692-8AB6-CD01C0AA56D1}.Debug|x86.ActiveCfg = Debug|Win32
		{E46292F1-D6C5-4692-8AB6-CD01C0AA56D1}.Debug|x86.Build.0 = Debug|Win32
		{E46292F1-D6C5-4692-8AB6-CD01C0AA56D1}.Release|Any CPU.ActiveCfg = Release|Win32
		{E46292F1-D6C5-4692-8AB6-CD01C0AA56D1}.Release|ARM.ActiveCfg = Release|ARM
		{E46292F1-D6C5-4692-8AB6-CD01C0AA56D1}.Release|ARM.Build.0 = Release|ARM
		{E46292F1-D6C5-4692-8AB6-CD01C0AA56D1}.Release|ARM64.ActiveCfg = Release|ARM64
		{E46292F1-D6C5-4692-8AB6-CD01C0AA56D1}.Release|ARM64.Build.0 = Release|ARM64
		{E46292F1-D6C5-4692-8AB6-CD01C0AA56D1}.Release|x64.ActiveCfg = Release|x64
		{E46292F1-D6C5-4692-8AB6-CD01C0AA56D1}.Release|x64.Build.0 = Release|x64
		{E46292F1-D6C5-4692-8AB6-CD01C0AA56D1}.Release|x86.ActiveCfg = Release|Win32
		{E46292F1-D6C5-4692-8AB6-CD01C0AA56D1}.Release|x86.Build.0 = Release|Win32
		{2B8B2949-6117-43AA-AA42-0B16EC74BF6F}.Debug|Any CPU.ActiveCfg = Debug|Win32
		{2B8B2949-6117-43AA-AA42-0B16EC74BF6F}.Debug|ARM.ActiveCfg = Debug|ARM
		{2B8B2949-6117-43AA-AA42-0B16EC74BF6F}.Debug|ARM.Build.0 = Debug|ARM
		{2B8B2949-6117-43AA-AA42-0B16EC74BF6F}.Debug|ARM.Deploy.0 = Debug|ARM
		{2B8B2949-6117-43AA-AA42-0B16EC74BF6F}.Debug|ARM64.ActiveCfg = Debug|ARM64
		{2B8B2949-6117-43AA-AA42-0B16EC74BF6F}.Debug|ARM64.Build.0 = Debug|ARM64
		{2B8B2949-6117-43AA-AA42-0B16EC74BF6F}.Debug|ARM64.Deploy.0 = Debug|ARM64
		{2B8B2949-6117-43AA-AA42-0B16EC74BF6F}.Debug|x64.ActiveCfg = Debug|x64
		{2B8B2949-6117-43AA-AA42-0B16EC74BF6F}.Debug|x64.Build.0 = Debug|x64
		{2B8B2949-6117-43AA-AA42-0B16EC74BF6F}.Debug|x64.Deploy.0 = Debug|x64
		{2B8B2949-6117-43AA-AA42-0B16EC74BF6F}.Debug|x86.ActiveCfg = Debug|Win32
		{2B8B2949-6117-43AA-AA42-0B16EC74BF6F}.Debug|x86.Build.0 = Debug|Win32
		{2B8B2949-6117-43AA-AA42-0B16EC74BF6F}.Debug|x86.Deploy.0 = Debug|Win32
		{2B8B2949-6117-43AA-AA42-0B16EC74BF6F}.Release|Any CPU.ActiveCfg = Release|Win32
		{2B8B2949-6117-43AA-AA42-0B16EC74BF6F}.Release|ARM.ActiveCfg = Release|ARM
		{2B8B2949-6117-43AA-AA42-0B16EC74BF6F}.Release|ARM.Build.0 = Release|ARM
		{2B8B2949-6117-43AA-AA42-0B16EC74BF6F}.Release|ARM.Deploy.0 = Release|ARM
		{2B8B2949-6117-43AA-AA42-0B16EC74BF6F}.Release|ARM64.ActiveCfg = Release|ARM64
		{2B8B2949-6117-43AA-AA42-0B16EC74BF6F}.Release|ARM64.Build.0 = Release|ARM64
		{2B8B2949-6117-43AA-AA42-0B16EC74BF6F}.Release|ARM64.Deploy.0 = Release|ARM64
		{2B8B2949-6117-43AA-AA42-0B16EC74BF6F}.Release|x64.ActiveCfg = Release|x64
		{2B8B2949-6117-43AA-AA42-0B16EC74BF6F}.Release|x64.Build.0 = Release|x64
		{2B8B2949-6117-43AA-AA42-0B16EC74BF6F}.Release|x64.Deploy.0 = Release|x64
		{2B8B2949-6117-43AA-AA42-0B16EC74BF6F}.Release|x86.ActiveCfg = Release|Win32
		{2B8B2949-6117-43AA-AA42-0B16EC74BF6F}.Release|x86.Build.0 = Release|Win32
		{2B8B2949-6117-43AA-AA42-0B16EC74BF6F}.Release|x86.Deploy.0 = Release|Win32
		{094E8970-AA7D-44FD-A38A-7EE0FB0817AE}.Debug|Any CPU.ActiveCfg = Debug|Win32
		{094E8970-AA7D-44FD-A38A-7EE0FB0817AE}.Debug|ARM.ActiveCfg = Debug|ARM
		{094E8970-AA7D-44FD-A38A-7EE0FB0817AE}.Debug|ARM.Build.0 = Debug|ARM
		{094E8970-AA7D-44FD-A38A-7EE0FB0817AE}.Debug|ARM64.ActiveCfg = Debug|Win32
		{094E8970-AA7D-44FD-A38A-7EE0FB0817AE}.Debug|x64.ActiveCfg = Debug|x64
		{094E8970-AA7D-44FD-A38A-7EE0FB0817AE}.Debug|x64.Build.0 = Debug|x64
		{094E8970-AA7D-44FD-A38A-7EE0FB0817AE}.Debug|x86.ActiveCfg = Debug|Win32
		{094E8970-AA7D-44FD-A38A-7EE0FB0817AE}.Debug|x86.Build.0 = Debug|Win32
		{094E8970-AA7D-44FD-A38A-7EE0FB0817AE}.Release|Any CPU.ActiveCfg = Release|Win32
		{094E8970-AA7D-44FD-A38A-7EE0FB0817AE}.Release|ARM.ActiveCfg = Release|ARM
		{094E8970-AA7D-44FD-A38A-7EE0FB0817AE}.Release|ARM.Build.0 = Release|ARM
		{094E8970-AA7D-44FD-A38A-7EE0FB0817AE}.Release|ARM64.ActiveCfg = Release|Win32
		{094E8970-AA7D-44FD-A38A-7EE0FB0817AE}.Release|x64.ActiveCfg = Release|x64
		{094E8970-AA7D-44FD-A38A-7EE0FB0817AE}.Release|x64.Build.0 = Release|x64
		{094E8970-AA7D-44FD-A38A-7EE0FB0817AE}.Release|x86.ActiveCfg = Release|Win32
		{094E8970-AA7D-44FD-A38A-7EE0FB0817AE}.Release|x86.Build.0 = Release|Win32
		{0426A321-F201-4C4E-8585-63A66AF669DB}.Debug|Any CPU.ActiveCfg = Debug|Win32
		{0426A321-F201-4C4E-8585-63A66AF669DB}.Debug|ARM.ActiveCfg = Debug|Win32
		{0426A321-F201-4C4E-8585-63A66AF669DB}.Debug|ARM64.ActiveCfg = Debug|Win32
		{0426A321-F201-4C4E-8585-63A66AF669DB}.Debug|x64.ActiveCfg = Debug|x64
		{0426A321-F201-4C4E-8585-63A66AF669DB}.Debug|x64.Build.0 = Debug|x64
		{0426A321-F201-4C4E-8585-63A66AF669DB}.Debug|x86.ActiveCfg = Debug|Win32
		{0426A321-F201-4C4E-8585-63A66AF669DB}.Debug|x86.Build.0 = Debug|Win32
		{0426A321-F201-4C4E-8585-63A66AF669DB}.Release|Any CPU.ActiveCfg = Release|Win32
		{0426A321-F201-4C4E-8585-63A66AF669DB}.Release|ARM.ActiveCfg = Release|Win32
		{0426A321-F201-4C4E-8585-63A66AF669DB}.Release|ARM64.ActiveCfg = Release|Win32
		{0426A321-F201-4C4E-8585-63A66AF669DB}.Release|x64.ActiveCfg = Release|x64
		{0426A321-F201-4C4E-8585-63A66AF669DB}.Release|x64.Build.0 = Release|x64
		{0426A321-F201-4C4E-8585-63A66AF669DB}.Release|x86.ActiveCfg = Release|Win32
		{0426A321-F201-4C4E-8585-63A66AF669DB}.Release|x86.Build.0 = Release|Win32
		{C1738F28-2385-44DE-8EFF-B600CC5A97B8}.Debug|Any CPU.ActiveCfg = Debug|Win32
		{C1738F28-2385-44DE-8EFF-B600CC5A97B8}.Debug|ARM.ActiveCfg = Debug|Win32
		{C1738F28-2385-44DE-8EFF-B600CC5A97B8}.Debug|ARM64.ActiveCfg = Debug|Win32
		{C1738F28-2385-44DE-8EFF-B600CC5A97B8}.Debug|x64.ActiveCfg = Debug|x64
		{C1738F28-2385-44DE-8EFF-B600CC5A97B8}.Debug|x64.Build.0 = Debug|x64
		{C1738F28-2385-44DE-8EFF-B600CC5A97B8}.Debug|x86.ActiveCfg = Debug|Win32
		{C1738F28-2385-44DE-8EFF-B600CC5A97B8}.Debug|x86.Build.0 = Debug|Win32
		{C1738F28-2385-44DE-8EFF-B600CC5A97B8}.Release|Any CPU.ActiveCfg = Release|Win32
		{C1738F28-2385-44DE-8EFF-B600CC5A97B8}.Release|ARM.ActiveCfg = Release|Win32
		{C1738F28-2385-44DE-8EFF-B600CC5A97B8}.Release|ARM64.ActiveCfg = Release|Win32
		{C1738F28-2385-44DE-8EFF-B600CC5A97B8}.Release|x64.ActiveCfg = Release|x64
		{C1738F28-2385-44DE-8EFF-B600CC5A97B8}.Release|x64.Build.0 = Release|x64
		{C1738F28-2385-44DE-8EFF-B600CC5A97B8}.Release|x86.ActiveCfg = Release|Win32
		{C1738F28-2385-44DE-8EFF-B600CC5A97B8}.Release|x86.Build.0 = Release|Win32
		{D2EABA9E-B4FA-4019-B6D3-F66A78C48FFF}.Debug|Any CPU.ActiveCfg = Debug|Win32
		{D2EABA9E-B4FA-4019-B6D3-F66A78C48FFF}.Debug|ARM.ActiveCfg = Debug|Win32
		{D2EABA9E-B4FA-4019-B6D3-F66A78C48FFF}.Debug|ARM64.ActiveCfg = Debug|Win32
		{D2EABA9E-B4FA-4019-B6D3-F66A78C48FFF}.Debug|x64.ActiveCfg = Debug|Win32
		{D2EABA9E-B4FA-4019-B6D3-F66A78C48FFF}.Debug|x86.ActiveCfg = Debug|Win32
		{D2EABA9E-B4FA-4019-B6D3-F66A78C48FFF}.Debug|x86.Build.0 = Debug|Win32
		{D2EABA9E-B4FA-4019-B6D3-F66A78C48FFF}.Release|Any CPU.ActiveCfg = Release|Win32
		{D2EABA9E-B4FA-4019-B6D3-F66A78C48FFF}.Release|ARM.ActiveCfg = Release|Win32
		{D2EABA9E-B4FA-4019-B6D3-F66A78C48FFF}.Release|ARM64.ActiveCfg = Release|Win32
		{D2EABA9E-B4FA-4019-B6D3-F66A78C48FFF}.Release|x64.ActiveCfg = Release|Win32
		{D2EABA9E-B4FA-4019-B6D3-F66A78C48FFF}.Release|x86.ActiveCfg = Release|Win32
		{D2EABA9E-B4FA-4019-B6D3-F66A78C48FFF}.Release|x86.Build.0 = Release|Win32
		{328264B2-3712-429B-A8EE-3201B97B76E4}.Debug|Any CPU.ActiveCfg = Debug|Win32
		{328264B2-3712-429B-A8EE-3201B97B76E4}.Debug|ARM.ActiveCfg = Debug|Win32
		{328264B2-3712-429B-A8EE-3201B97B76E4}.Debug|ARM64.ActiveCfg = Debug|Win32
		{328264B2-3712-429B-A8EE-3201B97B76E4}.Debug|x64.ActiveCfg = Debug|Win32
		{328264B2-3712-429B-A8EE-3201B97B76E4}.Debug|x86.ActiveCfg = Debug|Win32
		{328264B2-3712-429B-A8EE-3201B97B76E4}.Debug|x86.Build.0 = Debug|Win32
		{328264B2-3712-429B-A8EE-3201B97B76E4}.Release|Any CPU.ActiveCfg = Release|Win32
		{328264B2-3712-429B-A8EE-3201B97B76E4}.Release|ARM.ActiveCfg = Release|Win32
		{328264B2-3712-429B-A8EE-3201B97B76E4}.Release|ARM64.ActiveCfg = Release|Win32
		{328264B2-3712-429B-A8EE-3201B97B76E4}.Release|x64.ActiveCfg = Release|Win32
		{328264B2-3712-429B-A8EE-3201B97B76E4}.Release|x86.ActiveCfg = Release|Win32
		{328264B2-3712-429B-A8EE-3201B97B76E4}.Release|x86.Build.0 = Release|Win32
		{6A1AA65D-7FA7-4B31-8A08-18C5948FBE30}.Debug|Any CPU.ActiveCfg = Debug|x86
		{6A1AA65D-7FA7-4B31-8A08-18C5948FBE30}.Debug|ARM.ActiveCfg = Debug|ARM
		{6A1AA65D-7FA7-4B31-8A08-18C5948FBE30}.Debug|ARM.Build.0 = Debug|ARM
		{6A1AA65D-7FA7-4B31-8A08-18C5948FBE30}.Debug|ARM64.ActiveCfg = Debug|ARM64
		{6A1AA65D-7FA7-4B31-8A08-18C5948FBE30}.Debug|ARM64.Build.0 = Debug|ARM64
		{6A1AA65D-7FA7-4B31-8A08-18C5948FBE30}.Debug|x64.ActiveCfg = Debug|x64
		{6A1AA65D-7FA7-4B31-8A08-18C5948FBE30}.Debug|x64.Build.0 = Debug|x64
		{6A1AA65D-7FA7-4B31-8A08-18C5948FBE30}.Debug|x86.ActiveCfg = Debug|x86
		{6A1AA65D-7FA7-4B31-8A08-18C5948FBE30}.Debug|x86.Build.0 = Debug|x86
		{6A1AA65D-7FA7-4B31-8A08-18C5948FBE30}.Release|Any CPU.ActiveCfg = Release|x86
		{6A1AA65D-7FA7-4B31-8A08-18C5948FBE30}.Release|ARM.ActiveCfg = Release|ARM
		{6A1AA65D-7FA7-4B31-8A08-18C5948FBE30}.Release|ARM.Build.0 = Release|ARM
		{6A1AA65D-7FA7-4B31-8A08-18C5948FBE30}.Release|ARM64.ActiveCfg = Release|ARM64
		{6A1AA65D-7FA7-4B31-8A08-18C5948FBE30}.Release|ARM64.Build.0 = Release|ARM64
		{6A1AA65D-7FA7-4B31-8A08-18C5948FBE30}.Release|x64.ActiveCfg = Release|x64
		{6A1AA65D-7FA7-4B31-8A08-18C5948FBE30}.Release|x64.Build.0 = Release|x64
		{6A1AA65D-7FA7-4B31-8A08-18C5948FBE30}.Release|x86.ActiveCfg = Release|x86
		{6A1AA65D-7FA7-4B31-8A08-18C5948FBE30}.Release|x86.Build.0 = Release|x86
	EndGlobalSection
	GlobalSection(SolutionProperties) = preSolution
		HideSolutionNode = FALSE
	EndGlobalSection
	GlobalSection(ExtensibilityGlobals) = postSolution
		SolutionGuid = {5954FAC1-6C31-4046-8B18-38A90A4C4F5B}
	EndGlobalSection
EndGlobal
